<?xml version="1.0" encoding="utf-8"?>
<Project ToolsVersion="4.0" xmlns="http://schemas.microsoft.com/developer/msbuild/2003">
  <ItemGroup>
    <Filter Include="Resource Files">
      <UniqueIdentifier>{67DA6AB6-F800-4c08-8B7A-83BB121AAD01}</UniqueIdentifier>
      <Extensions>rc;ico;cur;bmp;dlg;rc2;rct;bin;rgs;gif;jpg;jpeg;jpe;resx;tiff;tif;png;wav;mfcribbon-ms</Extensions>
    </Filter>
    <Filter Include="vjson">
      <UniqueIdentifier>{d6ed6472-ddde-4a6e-b74e-92287e47a81a}</UniqueIdentifier>
    </Filter>
    <Filter Include="SmartVideo">
      <UniqueIdentifier>{aeb9fe6c-adb2-45c0-b79b-b2db4a7de8d2}</UniqueIdentifier>
    </Filter>
    <Filter Include="Util">
      <UniqueIdentifier>{64ccda6d-4e61-481c-816c-c69e2b919492}</UniqueIdentifier>
    </Filter>
    <Filter Include="kdtree++">
      <UniqueIdentifier>{7ffddc78-fd51-4f5d-bdff-ec5f088097f4}</UniqueIdentifier>
    </Filter>
  </ItemGroup>
  <ItemGroup>
    <ClCompile Include="dep\vjson\json.cpp">
      <Filter>vjson</Filter>
    </ClCompile>
    <ClCompile Include="src\main.cpp">
      <Filter>SmartVideo</Filter>
    </ClCompile>
    <ClCompile Include="src\SmartVideo.cpp">
      <Filter>SmartVideo</Filter>
    </ClCompile>
    <ClCompile Include="src\Workers.cpp">
      <Filter>Util</Filter>
    </ClCompile>
    <ClCompile Include="src\agglomerative.cpp">
      <Filter>SmartVideo</Filter>
    </ClCompile>
    <ClCompile Include="src\hungarian.cpp">
      <Filter>SmartVideo</Filter>
    </ClCompile>
    <ClCompile Include="src\matcher.cpp">
      <Filter>SmartVideo</Filter>
    </ClCompile>
    <ClCompile Include="src\objectProfile.cpp">
      <Filter>SmartVideo</Filter>
    </ClCompile>
  </ItemGroup>
  <ItemGroup>
    <ClInclude Include="dep\vjson\json.h">
      <Filter>vjson</Filter>
    </ClInclude>
    <ClInclude Include="src\SmartVideo.h">
      <Filter>SmartVideo</Filter>
    </ClInclude>
    <ClInclude Include="src\JSonUtil.h">
      <Filter>Util</Filter>
    </ClInclude>
    <ClInclude Include="src\ConsoleUtil.h">
      <Filter>Util</Filter>
    </ClInclude>
    <ClInclude Include="src\Workers.h">
      <Filter>Util</Filter>
    </ClInclude>
    <ClInclude Include="src\Util.h">
      <Filter>Util</Filter>
    </ClInclude>
    <ClInclude Include="src\FileUtil.h">
      <Filter>Util</Filter>
    </ClInclude>
    <ClInclude Include="src\kdtree++\allocator.hpp">
      <Filter>kdtree++</Filter>
    </ClInclude>
    <ClInclude Include="src\kdtree++\function.hpp">
      <Filter>kdtree++</Filter>
    </ClInclude>
    <ClInclude Include="src\kdtree++\iterator.hpp">
      <Filter>kdtree++</Filter>
    </ClInclude>
    <ClInclude Include="src\kdtree++\kdtree.hpp">
      <Filter>kdtree++</Filter>
    </ClInclude>
    <ClInclude Include="src\kdtree++\node.hpp">
      <Filter>kdtree++</Filter>
    </ClInclude>
    <ClInclude Include="src\kdtree++\region.hpp">
      <Filter>kdtree++</Filter>
    </ClInclude>
    <ClInclude Include="src\objectProfile.h">
      <Filter>SmartVideo</Filter>
    </ClInclude>
    <ClInclude Include="src\agglomerative.h">
      <Filter>SmartVideo</Filter>
    </ClInclude>
    <ClInclude Include="src\hungarian.h">
      <Filter>SmartVideo</Filter>
    </ClInclude>
    <ClInclude Include="src\matcher.h">
      <Filter>SmartVideo</Filter>
    </ClInclude>
  </ItemGroup>
</Project>